
Microsoft Visual Studio Solution File, Format Version 12.00
# Visual Studio 15
VisualStudioVersion = 15.0.27130.2036
MinimumVisualStudioVersion = 10.0.40219.1
Project("{9A19103F-16F7-4668-BE54-9A1E7A4F7556}") = "RssCrawleraApi", "RssCrawleraApi.csproj", "{B8ACE577-A9C7-407A-B803-0D475996ABBE}"
EndProject
Project("{9A19103F-16F7-4668-BE54-9A1E7A4F7556}") = "Migrations", "..\Migrations\Migrations.csproj", "{61A2AB03-5A1D-4C8B-A666-141E860B18B9}"
EndProject
Project("{9A19103F-16F7-4668-BE54-9A1E7A4F7556}") = "DAL", "..\DAL\DAL.csproj", "{229B2CB3-BEA8-4AA2-AFC8-407A8D0EFDB9}"
EndProject
Global
	GlobalSection(SolutionConfigurationPlatforms) = preSolution
		Debug|Any CPU = Debug|Any CPU
		Release|Any CPU = Release|Any CPU
	EndGlobalSection
	GlobalSection(ProjectConfigurationPlatforms) = postSolution
		{B8ACE577-A9C7-407A-B803-0D475996ABBE}.Debug|Any CPU.ActiveCfg = Debug|Any CPU
		{B8ACE577-A9C7-407A-B803-0D475996ABBE}.Debug|Any CPU.Build.0 = Debug|Any CPU
		{B8ACE577-A9C7-407A-B803-0D475996ABBE}.Release|Any CPU.ActiveCfg = Release|Any CPU
		{B8ACE577-A9C7-407A-B803-0D475996ABBE}.Release|Any CPU.Build.0 = Release|Any CPU
		{61A2AB03-5A1D-4C8B-A666-141E860B18B9}.Debug|Any CPU.ActiveCfg = Debug|Any CPU
		{61A2AB03-5A1D-4C8B-A666-141E860B18B9}.Debug|Any CPU.Build.0 = Debug|Any CPU
		{61A2AB03-5A1D-4C8B-A666-141E860B18B9}.Release|Any CPU.ActiveCfg = Release|Any CPU
		{61A2AB03-5A1D-4C8B-A666-141E860B18B9}.Release|Any CPU.Build.0 = Release|Any CPU
		{229B2CB3-BEA8-4AA2-AFC8-407A8D0EFDB9}.Debug|Any CPU.ActiveCfg = Debug|Any CPU
		{229B2CB3-BEA8-4AA2-AFC8-407A8D0EFDB9}.Debug|Any CPU.Build.0 = Debug|Any CPU
		{229B2CB3-BEA8-4AA2-AFC8-407A8D0EFDB9}.Release|Any CPU.ActiveCfg = Release|Any CPU
		{229B2CB3-BEA8-4AA2-AFC8-407A8D0EFDB9}.Release|Any CPU.Build.0 = Release|Any CPU
	EndGlobalSection
	GlobalSection(SolutionProperties) = preSolution
		HideSolutionNode = FALSE
	EndGlobalSection
	GlobalSection(ExtensibilityGlobals) = postSolution
		SolutionGuid = {BE300D1C-EFAA-43B3-98B4-BB9F00F3CFD4}
	EndGlobalSection
EndGlobal
